// !$*UTF8*$!
{
	archiveVersion = 1;
	classes = {
	};
	objectVersion = 56;
	objects = {

/* Begin PBXBuildFile section */
		515CCB572B63A9A7008A30E0 /* Slot_MachineApp.swift in Sources */ = {isa = PBXBuildFile; fileRef = 515CCB562B63A9A7008A30E0 /* Slot_MachineApp.swift */; };
		515CCB592B63A9A7008A30E0 /* ContentView.swift in Sources */ = {isa = PBXBuildFile; fileRef = 515CCB582B63A9A7008A30E0 /* ContentView.swift */; };
		515CCB5B2B63A9AA008A30E0 /* Assets.xcassets in Resources */ = {isa = PBXBuildFile; fileRef = 515CCB5A2B63A9AA008A30E0 /* Assets.xcassets */; };
		515CCB5E2B63A9AA008A30E0 /* Preview Assets.xcassets in Resources */ = {isa = PBXBuildFile; fileRef = 515CCB5D2B63A9AA008A30E0 /* Preview Assets.xcassets */; };
		515CCB6C2B63AAC8008A30E0 /* win.mp3 in Resources */ = {isa = PBXBuildFile; fileRef = 515CCB642B63AAC8008A30E0 /* win.mp3 */; };
		515CCB6D2B63AAC8008A30E0 /* chimeup.mp3 in Resources */ = {isa = PBXBuildFile; fileRef = 515CCB652B63AAC8008A30E0 /* chimeup.mp3 */; };
		515CCB6E2B63AAC8008A30E0 /* spin.mp3 in Resources */ = {isa = PBXBuildFile; fileRef = 515CCB662B63AAC8008A30E0 /* spin.mp3 */; };
		515CCB6F2B63AAC8008A30E0 /* high-score.mp3 in Resources */ = {isa = PBXBuildFile; fileRef = 515CCB672B63AAC8008A30E0 /* high-score.mp3 */; };
		515CCB702B63AAC8008A30E0 /* riseup.mp3 in Resources */ = {isa = PBXBuildFile; fileRef = 515CCB682B63AAC8008A30E0 /* riseup.mp3 */; };
		515CCB712B63AAC8008A30E0 /* casino-chips.mp3 in Resources */ = {isa = PBXBuildFile; fileRef = 515CCB692B63AAC8008A30E0 /* casino-chips.mp3 */; };
		515CCB722B63AAC8008A30E0 /* background-music.mp3 in Resources */ = {isa = PBXBuildFile; fileRef = 515CCB6A2B63AAC8008A30E0 /* background-music.mp3 */; };
		515CCB732B63AAC8008A30E0 /* game-over.mp3 in Resources */ = {isa = PBXBuildFile; fileRef = 515CCB6B2B63AAC8008A30E0 /* game-over.mp3 */; };
		515CCB7A2B63AB61008A30E0 /* LaunchScreen.storyboard in Resources */ = {isa = PBXBuildFile; fileRef = 515CCB792B63AB61008A30E0 /* LaunchScreen.storyboard */; };
		51C16EF62B63B084008BDCE0 /* ColorHelper.swift in Sources */ = {isa = PBXBuildFile; fileRef = 51C16EF52B63B084008BDCE0 /* ColorHelper.swift */; };
		51C16EF82B63B124008BDCE0 /* LogoView.swift in Sources */ = {isa = PBXBuildFile; fileRef = 51C16EF72B63B124008BDCE0 /* LogoView.swift */; };
		51C16EFA2B63B149008BDCE0 /* Modifiers.swift in Sources */ = {isa = PBXBuildFile; fileRef = 51C16EF92B63B149008BDCE0 /* Modifiers.swift */; };
		51C16EFC2B63B35B008BDCE0 /* Extensions.swift in Sources */ = {isa = PBXBuildFile; fileRef = 51C16EFB2B63B35B008BDCE0 /* Extensions.swift */; };
		51C16EFE2B63B866008BDCE0 /* ReelView.swift in Sources */ = {isa = PBXBuildFile; fileRef = 51C16EFD2B63B866008BDCE0 /* ReelView.swift */; };
		51C16F002B67AB03008BDCE0 /* InfoView.swift in Sources */ = {isa = PBXBuildFile; fileRef = 51C16EFF2B67AB03008BDCE0 /* InfoView.swift */; };
		51C16F022B68F5C1008BDCE0 /* LosePopupView.swift in Sources */ = {isa = PBXBuildFile; fileRef = 51C16F012B68F5C1008BDCE0 /* LosePopupView.swift */; };
		51C16F042B68F729008BDCE0 /* ChipsView.swift in Sources */ = {isa = PBXBuildFile; fileRef = 51C16F032B68F729008BDCE0 /* ChipsView.swift */; };
		51C16F062B68F8B8008BDCE0 /* NumberView.swift in Sources */ = {isa = PBXBuildFile; fileRef = 51C16F052B68F8B8008BDCE0 /* NumberView.swift */; };
		51C16F092B68F909008BDCE0 /* SlotViewModel.swift in Sources */ = {isa = PBXBuildFile; fileRef = 51C16F082B68F909008BDCE0 /* SlotViewModel.swift */; };
		51C16F0B2B68FBC1008BDCE0 /* ReelWrapView.swift in Sources */ = {isa = PBXBuildFile; fileRef = 51C16F0A2B68FBC1008BDCE0 /* ReelWrapView.swift */; };
/* End PBXBuildFile section */

/* Begin PBXFileReference section */
		515CCB532B63A9A7008A30E0 /* Slot Machine.app */ = {isa = PBXFileReference; explicitFileType = wrapper.application; includeInIndex = 0; path = "Slot Machine.app"; sourceTree = BUILT_PRODUCTS_DIR; };
		515CCB562B63A9A7008A30E0 /* Slot_MachineApp.swift */ = {isa = PBXFileReference; lastKnownFileType = sourcecode.swift; path = Slot_MachineApp.swift; sourceTree = "<group>"; };
		515CCB582B63A9A7008A30E0 /* ContentView.swift */ = {isa = PBXFileReference; lastKnownFileType = sourcecode.swift; path = ContentView.swift; sourceTree = "<group>"; };
		515CCB5A2B63A9AA008A30E0 /* Assets.xcassets */ = {isa = PBXFileReference; lastKnownFileType = folder.assetcatalog; path = Assets.xcassets; sourceTree = "<group>"; };
		515CCB5D2B63A9AA008A30E0 /* Preview Assets.xcassets */ = {isa = PBXFileReference; lastKnownFileType = folder.assetcatalog; path = "Preview Assets.xcassets"; sourceTree = "<group>"; };
		515CCB642B63AAC8008A30E0 /* win.mp3 */ = {isa = PBXFileReference; lastKnownFileType = audio.mp3; path = win.mp3; sourceTree = "<group>"; };
		515CCB652B63AAC8008A30E0 /* chimeup.mp3 */ = {isa = PBXFileReference; lastKnownFileType = audio.mp3; path = chimeup.mp3; sourceTree = "<group>"; };
		515CCB662B63AAC8008A30E0 /* spin.mp3 */ = {isa = PBXFileReference; lastKnownFileType = audio.mp3; path = spin.mp3; sourceTree = "<group>"; };
		515CCB672B63AAC8008A30E0 /* high-score.mp3 */ = {isa = PBXFileReference; lastKnownFileType = audio.mp3; path = "high-score.mp3"; sourceTree = "<group>"; };
		515CCB682B63AAC8008A30E0 /* riseup.mp3 */ = {isa = PBXFileReference; lastKnownFileType = audio.mp3; path = riseup.mp3; sourceTree = "<group>"; };
		515CCB692B63AAC8008A30E0 /* casino-chips.mp3 */ = {isa = PBXFileReference; lastKnownFileType = audio.mp3; path = "casino-chips.mp3"; sourceTree = "<group>"; };
		515CCB6A2B63AAC8008A30E0 /* background-music.mp3 */ = {isa = PBXFileReference; lastKnownFileType = audio.mp3; path = "background-music.mp3"; sourceTree = "<group>"; };
		515CCB6B2B63AAC8008A30E0 /* game-over.mp3 */ = {isa = PBXFileReference; lastKnownFileType = audio.mp3; path = "game-over.mp3"; sourceTree = "<group>"; };
		515CCB792B63AB61008A30E0 /* LaunchScreen.storyboard */ = {isa = PBXFileReference; lastKnownFileType = file.storyboard; path = LaunchScreen.storyboard; sourceTree = "<group>"; };
		51C16EF52B63B084008BDCE0 /* ColorHelper.swift */ = {isa = PBXFileReference; lastKnownFileType = sourcecode.swift; path = ColorHelper.swift; sourceTree = "<group>"; };
		51C16EF72B63B124008BDCE0 /* LogoView.swift */ = {isa = PBXFileReference; lastKnownFileType = sourcecode.swift; path = LogoView.swift; sourceTree = "<group>"; };
		51C16EF92B63B149008BDCE0 /* Modifiers.swift */ = {isa = PBXFileReference; lastKnownFileType = sourcecode.swift; path = Modifiers.swift; sourceTree = "<group>"; };
		51C16EFB2B63B35B008BDCE0 /* Extensions.swift */ = {isa = PBXFileReference; lastKnownFileType = sourcecode.swift; path = Extensions.swift; sourceTree = "<group>"; };
		51C16EFD2B63B866008BDCE0 /* ReelView.swift */ = {isa = PBXFileReference; lastKnownFileType = sourcecode.swift; path = ReelView.swift; sourceTree = "<group>"; };
		51C16EFF2B67AB03008BDCE0 /* InfoView.swift */ = {isa = PBXFileReference; lastKnownFileType = sourcecode.swift; path = InfoView.swift; sourceTree = "<group>"; };
		51C16F012B68F5C1008BDCE0 /* LosePopupView.swift */ = {isa = PBXFileReference; lastKnownFileType = sourcecode.swift; path = LosePopupView.swift; sourceTree = "<group>"; };
		51C16F032B68F729008BDCE0 /* ChipsView.swift */ = {isa = PBXFileReference; lastKnownFileType = sourcecode.swift; path = ChipsView.swift; sourceTree = "<group>"; };
		51C16F052B68F8B8008BDCE0 /* NumberView.swift */ = {isa = PBXFileReference; lastKnownFileType = sourcecode.swift; path = NumberView.swift; sourceTree = "<group>"; };
		51C16F082B68F909008BDCE0 /* SlotViewModel.swift */ = {isa = PBXFileReference; lastKnownFileType = sourcecode.swift; path = SlotViewModel.swift; sourceTree = "<group>"; };
		51C16F0A2B68FBC1008BDCE0 /* ReelWrapView.swift */ = {isa = PBXFileReference; lastKnownFileType = sourcecode.swift; path = ReelWrapView.swift; sourceTree = "<group>"; };
/* End PBXFileReference section */

/* Begin PBXFrameworksBuildPhase section */
		515CCB502B63A9A7008A30E0 /* Frameworks */ = {
			isa = PBXFrameworksBuildPhase;
			buildActionMask = 2147483647;
			files = (
			);
			runOnlyForDeploymentPostprocessing = 0;
		};
/* End PBXFrameworksBuildPhase section */

/* Begin PBXGroup section */
		515CCB4A2B63A9A7008A30E0 = {
			isa = PBXGroup;
			children = (
				515CCB552B63A9A7008A30E0 /* Slot Machine */,
				515CCB542B63A9A7008A30E0 /* Products */,
			);
			sourceTree = "<group>";
		};
		515CCB542B63A9A7008A30E0 /* Products */ = {
			isa = PBXGroup;
			children = (
				515CCB532B63A9A7008A30E0 /* Slot Machine.app */,
			);
			name = Products;
			sourceTree = "<group>";
		};
		515CCB552B63A9A7008A30E0 /* Slot Machine */ = {
			isa = PBXGroup;
			children = (
				515CCB792B63AB61008A30E0 /* LaunchScreen.storyboard */,
				515CCB762B63AAE4008A30E0 /* Helpers */,
				515CCB742B63AAD2008A30E0 /* Sounds */,
				51C16F072B68F8DE008BDCE0 /* ViewModel */,
				515CCB752B63AADE008A30E0 /* Views */,
				515CCB562B63A9A7008A30E0 /* Slot_MachineApp.swift */,
				515CCB5A2B63A9AA008A30E0 /* Assets.xcassets */,
				515CCB5C2B63A9AA008A30E0 /* Preview Content */,
			);
			path = "Slot Machine";
			sourceTree = "<group>";
		};
		515CCB5C2B63A9AA008A30E0 /* Preview Content */ = {
			isa = PBXGroup;
			children = (
				515CCB5D2B63A9AA008A30E0 /* Preview Assets.xcassets */,
			);
			path = "Preview Content";
			sourceTree = "<group>";
		};
		515CCB742B63AAD2008A30E0 /* Sounds */ = {
			isa = PBXGroup;
			children = (
				515CCB6A2B63AAC8008A30E0 /* background-music.mp3 */,
				515CCB692B63AAC8008A30E0 /* casino-chips.mp3 */,
				515CCB652B63AAC8008A30E0 /* chimeup.mp3 */,
				515CCB6B2B63AAC8008A30E0 /* game-over.mp3 */,
				515CCB672B63AAC8008A30E0 /* high-score.mp3 */,
				515CCB682B63AAC8008A30E0 /* riseup.mp3 */,
				515CCB662B63AAC8008A30E0 /* spin.mp3 */,
				515CCB642B63AAC8008A30E0 /* win.mp3 */,
			);
			path = Sounds;
			sourceTree = "<group>";
		};
		515CCB752B63AADE008A30E0 /* Views */ = {
			isa = PBXGroup;
			children = (
				515CCB582B63A9A7008A30E0 /* ContentView.swift */,
				51C16EF72B63B124008BDCE0 /* LogoView.swift */,
				51C16EFD2B63B866008BDCE0 /* ReelView.swift */,
				51C16EFF2B67AB03008BDCE0 /* InfoView.swift */,
				51C16F012B68F5C1008BDCE0 /* LosePopupView.swift */,
				51C16F032B68F729008BDCE0 /* ChipsView.swift */,
				51C16F052B68F8B8008BDCE0 /* NumberView.swift */,
				51C16F0A2B68FBC1008BDCE0 /* ReelWrapView.swift */,
			);
			path = Views;
			sourceTree = "<group>";
		};
		515CCB762B63AAE4008A30E0 /* Helpers */ = {
			isa = PBXGroup;
			children = (
				51C16EF52B63B084008BDCE0 /* ColorHelper.swift */,
				51C16EF92B63B149008BDCE0 /* Modifiers.swift */,
				51C16EFB2B63B35B008BDCE0 /* Extensions.swift */,
			);
			path = Helpers;
			sourceTree = "<group>";
		};
		51C16F072B68F8DE008BDCE0 /* ViewModel */ = {
			isa = PBXGroup;
			children = (
				51C16F082B68F909008BDCE0 /* SlotViewModel.swift */,
			);
			path = ViewModel;
			sourceTree = "<group>";
		};
/* End PBXGroup section */

/* Begin PBXNativeTarget section */
		515CCB522B63A9A7008A30E0 /* Slot Machine */ = {
			isa = PBXNativeTarget;
			buildConfigurationList = 515CCB612B63A9AA008A30E0 /* Build configuration list for PBXNativeTarget "Slot Machine" */;
			buildPhases = (
				515CCB4F2B63A9A7008A30E0 /* Sources */,
				515CCB502B63A9A7008A30E0 /* Frameworks */,
				515CCB512B63A9A7008A30E0 /* Resources */,
			);
			buildRules = (
			);
			dependencies = (
			);
			name = "Slot Machine";
			productName = "Slot Machine";
			productReference = 515CCB532B63A9A7008A30E0 /* Slot Machine.app */;
			productType = "com.apple.product-type.application";
		};
/* End PBXNativeTarget section */

/* Begin PBXProject section */
		515CCB4B2B63A9A7008A30E0 /* Project object */ = {
			isa = PBXProject;
			attributes = {
				BuildIndependentTargetsInParallel = 1;
				LastSwiftUpdateCheck = 1520;
				LastUpgradeCheck = 1520;
				TargetAttributes = {
					515CCB522B63A9A7008A30E0 = {
						CreatedOnToolsVersion = 15.2;
					};
				};
			};
			buildConfigurationList = 515CCB4E2B63A9A7008A30E0 /* Build configuration list for PBXProject "Slot Machine" */;
			compatibilityVersion = "Xcode 14.0";
			developmentRegion = en;
			hasScannedForEncodings = 0;
			knownRegions = (
				en,
				Base,
			);
			mainGroup = 515CCB4A2B63A9A7008A30E0;
			productRefGroup = 515CCB542B63A9A7008A30E0 /* Products */;
			projectDirPath = "";
			projectRoot = "";
			targets = (
				515CCB522B63A9A7008A30E0 /* Slot Machine */,
			);
		};
/* End PBXProject section */

/* Begin PBXResourcesBuildPhase section */
		515CCB512B63A9A7008A30E0 /* Resources */ = {
			isa = PBXResourcesBuildPhase;
			buildActionMask = 2147483647;
			files = (
				515CCB6D2B63AAC8008A30E0 /* chimeup.mp3 in Resources */,
				515CCB722B63AAC8008A30E0 /* background-music.mp3 in Resources */,
				515CCB6E2B63AAC8008A30E0 /* spin.mp3 in Resources */,
				515CCB702B63AAC8008A30E0 /* riseup.mp3 in Resources */,
				515CCB6C2B63AAC8008A30E0 /* win.mp3 in Resources */,
				515CCB5E2B63A9AA008A30E0 /* Preview Assets.xcassets in Resources */,
				515CCB732B63AAC8008A30E0 /* game-over.mp3 in Resources */,
				515CCB5B2B63A9AA008A30E0 /* Assets.xcassets in Resources */,
				515CCB6F2B63AAC8008A30E0 /* high-score.mp3 in Resources */,
				515CCB7A2B63AB61008A30E0 /* LaunchScreen.storyboard in Resources */,
				515CCB712B63AAC8008A30E0 /* casino-chips.mp3 in Resources */,
			);
			runOnlyForDeploymentPostprocessing = 0;
		};
/* End PBXResourcesBuildPhase section */

/* Begin PBXSourcesBuildPhase section */
		515CCB4F2B63A9A7008A30E0 /* Sources */ = {
			isa = PBXSourcesBuildPhase;
			buildActionMask = 2147483647;
			files = (
				51C16F002B67AB03008BDCE0 /* InfoView.swift in Sources */,
				515CCB592B63A9A7008A30E0 /* ContentView.swift in Sources */,
				51C16EFC2B63B35B008BDCE0 /* Extensions.swift in Sources */,
				51C16F0B2B68FBC1008BDCE0 /* ReelWrapView.swift in Sources */,
				51C16EF82B63B124008BDCE0 /* LogoView.swift in Sources */,
				51C16F092B68F909008BDCE0 /* SlotViewModel.swift in Sources */,
				51C16F042B68F729008BDCE0 /* ChipsView.swift in Sources */,
				51C16EF62B63B084008BDCE0 /* ColorHelper.swift in Sources */,
				51C16F022B68F5C1008BDCE0 /* LosePopupView.swift in Sources */,
				51C16EFE2B63B866008BDCE0 /* ReelView.swift in Sources */,
				515CCB572B63A9A7008A30E0 /* Slot_MachineApp.swift in Sources */,
				51C16F062B68F8B8008BDCE0 /* NumberView.swift in Sources */,
				51C16EFA2B63B149008BDCE0 /* Modifiers.swift in Sources */,
			);
			runOnlyForDeploymentPostprocessing = 0;
		};
/* End PBXSourcesBuildPhase section */

/* Begin XCBuildConfiguration section */
		515CCB5F2B63A9AA008A30E0 /* Debug */ = {
			isa = XCBuildConfiguration;
			buildSettings = {
				ALWAYS_SEARCH_USER_PATHS = NO;
				ASSETCATALOG_COMPILER_GENERATE_SWIFT_ASSET_SYMBOL_EXTENSIONS = YES;
				CLANG_ANALYZER_NONNULL = YES;
				CLANG_ANALYZER_NUMBER_OBJECT_CONVERSION = YES_AGGRESSIVE;
				CLANG_CXX_LANGUAGE_STANDARD = "gnu++20";
				CLANG_ENABLE_MODULES = YES;
				CLANG_ENABLE_OBJC_ARC = YES;
				CLANG_ENABLE_OBJC_WEAK = YES;
				CLANG_WARN_BLOCK_CAPTURE_AUTORELEASING = YES;
				CLANG_WARN_BOOL_CONVERSION = YES;
				CLANG_WARN_COMMA = YES;
				CLANG_WARN_CONSTANT_CONVERSION = YES;
				CLANG_WARN_DEPRECATED_OBJC_IMPLEMENTATIONS = YES;
				CLANG_WARN_DIRECT_OBJC_ISA_USAGE = YES_ERROR;
				CLANG_WARN_DOCUMENTATION_COMMENTS = YES;
				CLANG_WARN_EMPTY_BODY = YES;
				CLANG_WARN_ENUM_CONVERSION = YES;
				CLANG_WARN_INFINITE_RECURSION = YES;
				CLANG_WARN_INT_CONVERSION = YES;
				CLANG_WARN_NON_LITERAL_NULL_CONVERSION = YES;
				CLANG_WARN_OBJC_IMPLICIT_RETAIN_SELF = YES;
				CLANG_WARN_OBJC_LITERAL_CONVERSION = YES;
				CLANG_WARN_OBJC_ROOT_CLASS = YES_ERROR;
				CLANG_WARN_QUOTED_INCLUDE_IN_FRAMEWORK_HEADER = YES;
				CLANG_WARN_RANGE_LOOP_ANALYSIS = YES;
				CLANG_WARN_STRICT_PROTOTYPES = YES;
				CLANG_WARN_SUSPICIOUS_MOVE = YES;
				CLANG_WARN_UNGUARDED_AVAILABILITY = YES_AGGRESSIVE;
				CLANG_WARN_UNREACHABLE_CODE = YES;
				CLANG_WARN__DUPLICATE_METHOD_MATCH = YES;
				COPY_PHASE_STRIP = NO;
				DEBUG_INFORMATION_FORMAT = dwarf;
				ENABLE_STRICT_OBJC_MSGSEND = YES;
				ENABLE_TESTABILITY = YES;
				ENABLE_USER_SCRIPT_SANDBOXING = YES;
				GCC_C_LANGUAGE_STANDARD = gnu17;
				GCC_DYNAMIC_NO_PIC = NO;
				GCC_NO_COMMON_BLOCKS = YES;
				GCC_OPTIMIZATION_LEVEL = 0;
				GCC_PREPROCESSOR_DEFINITIONS = (
					"DEBUG=1",
					"$(inherited)",
				);
				GCC_WARN_64_TO_32_BIT_CONVERSION = YES;
				GCC_WARN_ABOUT_RETURN_TYPE = YES_ERROR;
				GCC_WARN_UNDECLARED_SELECTOR = YES;
				GCC_WARN_UNINITIALIZED_AUTOS = YES_AGGRESSIVE;
				GCC_WARN_UNUSED_FUNCTION = YES;
				GCC_WARN_UNUSED_VARIABLE = YES;
				IPHONEOS_DEPLOYMENT_TARGET = 17.2;
				LOCALIZATION_PREFERS_STRING_CATALOGS = YES;
				MTL_ENABLE_DEBUG_INFO = INCLUDE_SOURCE;
				MTL_FAST_MATH = YES;
				ONLY_ACTIVE_ARCH = YES;
				SDKROOT = iphoneos;
				SWIFT_ACTIVE_COMPILATION_CONDITIONS = "DEBUG $(inherited)";
				SWIFT_OPTIMIZATION_LEVEL = "-Onone";
			};
			name = Debug;
		};
		515CCB602B63A9AA008A30E0 /* Release */ = {
			isa = XCBuildConfiguration;
			buildSettings = {
				ALWAYS_SEARCH_USER_PATHS = NO;
				ASSETCATALOG_COMPILER_GENERATE_SWIFT_ASSET_SYMBOL_EXTENSIONS = YES;
				CLANG_ANALYZER_NONNULL = YES;
				CLANG_ANALYZER_NUMBER_OBJECT_CONVERSION = YES_AGGRESSIVE;
				CLANG_CXX_LANGUAGE_STANDARD = "gnu++20";
				CLANG_ENABLE_MODULES = YES;
				CLANG_ENABLE_OBJC_ARC = YES;
				CLANG_ENABLE_OBJC_WEAK = YES;
				CLANG_WARN_BLOCK_CAPTURE_AUTORELEASING = YES;
				CLANG_WARN_BOOL_CONVERSION = YES;
				CLANG_WARN_COMMA = YES;
				CLANG_WARN_CONSTANT_CONVERSION = YES;
				CLANG_WARN_DEPRECATED_OBJC_IMPLEMENTATIONS = YES;
				CLANG_WARN_DIRECT_OBJC_ISA_USAGE = YES_ERROR;
				CLANG_WARN_DOCUMENTATION_COMMENTS = YES;
				CLANG_WARN_EMPTY_BODY = YES;
				CLANG_WARN_ENUM_CONVERSION = YES;
				CLANG_WARN_INFINITE_RECURSION = YES;
				CLANG_WARN_INT_CONVERSION = YES;
				CLANG_WARN_NON_LITERAL_NULL_CONVERSION = YES;
				CLANG_WARN_OBJC_IMPLICIT_RETAIN_SELF = YES;
				CLANG_WARN_OBJC_LITERAL_CONVERSION = YES;
				CLANG_WARN_OBJC_ROOT_CLASS = YES_ERROR;
				CLANG_WARN_QUOTED_INCLUDE_IN_FRAMEWORK_HEADER = YES;
				CLANG_WARN_RANGE_LOOP_ANALYSIS = YES;
				CLANG_WARN_STRICT_PROTOTYPES = YES;
				CLANG_WARN_SUSPICIOUS_MOVE = YES;
				CLANG_WARN_UNGUARDED_AVAILABILITY = YES_AGGRESSIVE;
				CLANG_WARN_UNREACHABLE_CODE = YES;
				CLANG_WARN__DUPLICATE_METHOD_MATCH = YES;
				COPY_PHASE_STRIP = NO;
				DEBUG_INFORMATION_FORMAT = "dwarf-with-dsym";
				ENABLE_NS_ASSERTIONS = NO;
				ENABLE_STRICT_OBJC_MSGSEND = YES;
				ENABLE_USER_SCRIPT_SANDBOXING = YES;
				GCC_C_LANGUAGE_STANDARD = gnu17;
				GCC_NO_COMMON_BLOCKS = YES;
				GCC_WARN_64_TO_32_BIT_CONVERSION = YES;
				GCC_WARN_ABOUT_RETURN_TYPE = YES_ERROR;
				GCC_WARN_UNDECLARED_SELECTOR = YES;
				GCC_WARN_UNINITIALIZED_AUTOS = YES_AGGRESSIVE;
				GCC_WARN_UNUSED_FUNCTION = YES;
				GCC_WARN_UNUSED_VARIABLE = YES;
				IPHONEOS_DEPLOYMENT_TARGET = 17.2;
				LOCALIZATION_PREFERS_STRING_CATALOGS = YES;
				MTL_ENABLE_DEBUG_INFO = NO;
				MTL_FAST_MATH = YES;
				SDKROOT = iphoneos;
				SWIFT_COMPILATION_MODE = wholemodule;
				VALIDATE_PRODUCT = YES;
			};
			name = Release;
		};
		515CCB622B63A9AA008A30E0 /* Debug */ = {
			isa = XCBuildConfiguration;
			buildSettings = {
				ASSETCATALOG_COMPILER_APPICON_NAME = AppIcon;
				ASSETCATALOG_COMPILER_GLOBAL_ACCENT_COLOR_NAME = AccentColor;
				CODE_SIGN_STYLE = Automatic;
				CURRENT_PROJECT_VERSION = 1;
				DEVELOPMENT_ASSET_PATHS = "\"Slot Machine/Preview Content\"";
				DEVELOPMENT_TEAM = SHR59DG262;
				ENABLE_PREVIEWS = YES;
				GENERATE_INFOPLIST_FILE = YES;
				INFOPLIST_KEY_UIApplicationSceneManifest_Generation = YES;
				INFOPLIST_KEY_UIApplicationSupportsIndirectInputEvents = YES;
				INFOPLIST_KEY_UILaunchScreen_Generation = YES;
				INFOPLIST_KEY_UILaunchStoryboardName = LaunchScreen.storyboard;
				INFOPLIST_KEY_UISupportedInterfaceOrientations_iPad = "UIInterfaceOrientationPortrait UIInterfaceOrientationPortraitUpsideDown UIInterfaceOrientationLandscapeLeft UIInterfaceOrientationLandscapeRight";
				INFOPLIST_KEY_UISupportedInterfaceOrientations_iPhone = "UIInterfaceOrientationPortrait UIInterfaceOrientationLandscapeLeft UIInterfaceOrientationLandscapeRight";
				LD_RUNPATH_SEARCH_PATHS = (
					"$(inherited)",
					"@executable_path/Frameworks",
				);
				MARKETING_VERSION = 1.0;
				PRODUCT_BUNDLE_IDENTIFIER = "com.jonathanRicky.Slot-Machine";
				PRODUCT_NAME = "$(TARGET_NAME)";
				SWIFT_EMIT_LOC_STRINGS = YES;
				SWIFT_VERSION = 5.0;
				TARGETED_DEVICE_FAMILY = "1,2";
			};
			name = Debug;
		};
		515CCB632B63A9AA008A30E0 /* Release */ = {
			isa = XCBuildConfiguration;
			buildSettings = {
				ASSETCATALOG_COMPILER_APPICON_NAME = AppIcon;
				ASSETCATALOG_COMPILER_GLOBAL_ACCENT_COLOR_NAME = AccentColor;
				CODE_SIGN_STYLE = Automatic;
				CURRENT_PROJECT_VERSION = 1;
				DEVELOPMENT_ASSET_PATHS = "\"Slot Machine/Preview Content\"";
				DEVELOPMENT_TEAM = SHR59DG262;
				ENABLE_PREVIEWS = YES;
				GENERATE_INFOPLIST_FILE = YES;
				INFOPLIST_KEY_UIApplicationSceneManifest_Generation = YES;
				INFOPLIST_KEY_UIApplicationSupportsIndirectInputEvents = YES;
				INFOPLIST_KEY_UILaunchScreen_Generation = YES;
				INFOPLIST_KEY_UILaunchStoryboardName = LaunchScreen.storyboard;
				INFOPLIST_KEY_UISupportedInterfaceOrientations_iPad = "UIInterfaceOrientationPortrait UIInterfaceOrientationPortraitUpsideDown UIInterfaceOrientationLandscapeLeft UIInterfaceOrientationLandscapeRight";
				INFOPLIST_KEY_UISupportedInterfaceOrientations_iPhone = "UIInterfaceOrientationPortrait UIInterfaceOrientationLandscapeLeft UIInterfaceOrientationLandscapeRight";
				LD_RUNPATH_SEARCH_PATHS = (
					"$(inherited)",
					"@executable_path/Frameworks",
				);
				MARKETING_VERSION = 1.0;
				PRODUCT_BUNDLE_IDENTIFIER = "com.jonathanRicky.Slot-Machine";
				PRODUCT_NAME = "$(TARGET_NAME)";
				SWIFT_EMIT_LOC_STRINGS = YES;
				SWIFT_VERSION = 5.0;
				TARGETED_DEVICE_FAMILY = "1,2";
			};
			name = Release;
		};
/* End XCBuildConfiguration section */

/* Begin XCConfigurationList section */
		515CCB4E2B63A9A7008A30E0 /* Build configuration list for PBXProject "Slot Machine" */ = {
			isa = XCConfigurationList;
			buildConfigurations = (
				515CCB5F2B63A9AA008A30E0 /* Debug */,
				515CCB602B63A9AA008A30E0 /* Release */,
			);
			defaultConfigurationIsVisible = 0;
			defaultConfigurationName = Release;
		};
		515CCB612B63A9AA008A30E0 /* Build configuration list for PBXNativeTarget "Slot Machine" */ = {
			isa = XCConfigurationList;
			buildConfigurations = (
				515CCB622B63A9AA008A30E0 /* Debug */,
				515CCB632B63A9AA008A30E0 /* Release */,
			);
			defaultConfigurationIsVisible = 0;
			defaultConfigurationName = Release;
		};
/* End XCConfigurationList section */
	};
	rootObject = 515CCB4B2B63A9A7008A30E0 /* Project object */;
}
